
Microsoft Visual Studio Solution File, Format Version 12.00
# Visual Studio Version 17
VisualStudioVersion = 17.14.36401.2 d17.14
MinimumVisualStudioVersion = 10.0.40219.1
Project("{FAE04EC0-301F-11D3-BF4B-00C04F79EFBC}") = "RealtimeSample.BlazorHybrid", "RealtimeSample.BlazorHybrid.csproj", "{9517BCA4-59B6-4BE8-84BD-721AB279D3D9}"
EndProject
Global
	GlobalSection(SolutionConfigurationPlatforms) = preSolution
		Debug|Any CPU = Debug|Any CPU
		Release|Any CPU = Release|Any CPU
	EndGlobalSection
	GlobalSection(ProjectConfigurationPlatforms) = postSolution
		{9517BCA4-59B6-4BE8-84BD-721AB279D3D9}.Debug|Any CPU.ActiveCfg = Debug|Any CPU
		{9517BCA4-59B6-4BE8-84BD-721AB279D3D9}.Debug|Any CPU.Build.0 = Debug|Any CPU
		{9517BCA4-59B6-4BE8-84BD-721AB279D3D9}.Release|Any CPU.ActiveCfg = Release|Any CPU
		{9517BCA4-59B6-4BE8-84BD-721AB279D3D9}.Release|Any CPU.Build.0 = Release|Any CPU
	EndGlobalSection
	GlobalSection(SolutionProperties) = preSolution
		HideSolutionNode = FALSE
	EndGlobalSection
	GlobalSection(ExtensibilityGlobals) = postSolution
		SolutionGuid = {B9A6B38D-D999-4DE0-8997-56C1BE293168}
	EndGlobalSection
EndGlobal
